
Microsoft Visual Studio Solution File, Format Version 12.00
# Visual Studio Version 17
VisualStudioVersion = 17.0.31919.166
MinimumVisualStudioVersion = 10.0.40219.1
Project("{FAE04EC0-301F-11D3-BF4B-00C04F79EFBC}") = "do -while", "do -while.csproj", "{0DC22A42-269E-4D52-A5B8-5BDC8E4741BC}"
EndProject
Global
	GlobalSection(SolutionConfigurationPlatforms) = preSolution
		Debug|Any CPU = Debug|Any CPU
		Release|Any CPU = Release|Any CPU
	EndGlobalSection
	GlobalSection(ProjectConfigurationPlatforms) = postSolution
		{0DC22A42-269E-4D52-A5B8-5BDC8E4741BC}.Debug|Any CPU.ActiveCfg = Debug|Any CPU
		{0DC22A42-269E-4D52-A5B8-5BDC8E4741BC}.Debug|Any CPU.Build.0 = Debug|Any CPU
		{0DC22A42-269E-4D52-A5B8-5BDC8E4741BC}.Release|Any CPU.ActiveCfg = Release|Any CPU
		{0DC22A42-269E-4D52-A5B8-5BDC8E4741BC}.Release|Any CPU.Build.0 = Release|Any CPU
	EndGlobalSection
	GlobalSection(SolutionProperties) = preSolution
		HideSolutionNode = FALSE
	EndGlobalSection
	GlobalSection(ExtensibilityGlobals) = postSolution
		SolutionGuid = {E7BD9F33-067B-4A2F-8D96-498449BA4F50}
	EndGlobalSection
EndGlobal
